{
  "nodes": {
    "dagger": {
      "inputs": {
        "nixpkgs": [
          "nixpkgs"
        ]
      },
      "locked": {
        "lastModified": 1768434857,
        "narHash": "sha256-JMgk2EzIkCuIv5rPM3oXZA7NcgifQm4aIgpY66kHtqM=",
        "owner": "dagger",
        "repo": "nix",
        "rev": "24d855c9653e880e91520e1dc86cb10c6cfe3fc1",
        "type": "github"
      },
      "original": {
        "owner": "dagger",
        "repo": "nix",
        "type": "github"
      }
    },
    "flake-parts": {
      "inputs": {
        "nixpkgs-lib": [
          "nix-basement",
          "nixpkgs"
        ]
      },
      "locked": {
        "lastModified": 1733312601,
        "narHash": "sha256-4pDvzqnegAfRkPwO3wmwBhVi/Sye1mzps0zHWYnP88c=",
        "owner": "hercules-ci",
        "repo": "flake-parts",
        "rev": "205b12d8b7cd4802fbcb8e8ef6a0f1408781a4f9",
        "type": "github"
      },
      "original": {
        "owner": "hercules-ci",
        "repo": "flake-parts",
        "type": "github"
      }
    },
    "nix-basement": {
      "inputs": {
        "flake-parts": "flake-parts",
        "nixpkgs": [
          "nixpkgs"
        ]
      },
      "locked": {
        "lastModified": 1769949771,
        "narHash": "sha256-HorqGD6dcQamUmD4/ID3jqjOp5uLeDi4Os71pAMdfxE=",
        "owner": "nix-prefab",
        "repo": "nix-basement",
        "rev": "a72df9868a6e3ee9ac5ebcdda05bbe026278f064",
        "type": "github"
      },
      "original": {
        "owner": "nix-prefab",
        "ref": "flake-part-stories",
        "repo": "nix-basement",
        "type": "github"
      }
    },
    "nixpkgs": {
      "locked": {
        "lastModified": 1770019141,
        "narHash": "sha256-VKS4ZLNx4PNrABoB0L8KUpc1fE7CLpQXQs985tGfaCU=",
        "owner": "nixos",
        "repo": "nixpkgs",
        "rev": "cb369ef2efd432b3cdf8622b0ffc0a97a02f3137",
        "type": "github"
      },
      "original": {
        "owner": "nixos",
        "ref": "nixos-unstable",
        "repo": "nixpkgs",
        "type": "github"
      }
    },
    "root": {
      "inputs": {
        "dagger": "dagger",
        "nix-basement": "nix-basement",
        "nixpkgs": "nixpkgs"
      }
    }
  },
  "root": "root",
  "version": 7
}
